
Microsoft Visual Studio Solution File, Format Version 11.00
# Visual Studio 2010
Project("{FAE04EC0-301F-11D3-BF4B-00C04F79EFBC}") = "TP", "TP\TP.csproj", "{8D72D9F6-F387-4F68-8519-A69C52584783}"
EndProject
Project("{FAE04EC0-301F-11D3-BF4B-00C04F79EFBC}") = "TPTest", "TPTest\TPTest.csproj", "{8BAB7857-EE89-4657-8BF5-FF5F13DF2022}"
EndProject
Project("{2150E333-8FDC-42A3-9474-1A3956D46DE8}") = "Solution Items", "Solution Items", "{C41A61E9-8B32-4DAD-ACAF-9C7064DBC287}"
	ProjectSection(SolutionItems) = preProject
		Local.testsettings = Local.testsettings
		TP1.vsmdi = TP1.vsmdi
		TraceAndTestImpact.testsettings = TraceAndTestImpact.testsettings
	EndProjectSection
EndProject
Global
	GlobalSection(TestCaseManagementSettings) = postSolution
		CategoryFile = TP1.vsmdi
	EndGlobalSection
	GlobalSection(SolutionConfigurationPlatforms) = preSolution
		Debug|Any CPU = Debug|Any CPU
		Debug|Mixed Platforms = Debug|Mixed Platforms
		Debug|x86 = Debug|x86
		Release|Any CPU = Release|Any CPU
		Release|Mixed Platforms = Release|Mixed Platforms
		Release|x86 = Release|x86
	EndGlobalSection
	GlobalSection(ProjectConfigurationPlatforms) = postSolution
		{8D72D9F6-F387-4F68-8519-A69C52584783}.Debug|Any CPU.ActiveCfg = Debug|x86
		{8D72D9F6-F387-4F68-8519-A69C52584783}.Debug|Any CPU.Build.0 = Debug|x86
		{8D72D9F6-F387-4F68-8519-A69C52584783}.Debug|Mixed Platforms.ActiveCfg = Debug|x86
		{8D72D9F6-F387-4F68-8519-A69C52584783}.Debug|x86.ActiveCfg = Debug|x86
		{8D72D9F6-F387-4F68-8519-A69C52584783}.Debug|x86.Build.0 = Debug|x86
		{8D72D9F6-F387-4F68-8519-A69C52584783}.Release|Any CPU.ActiveCfg = Release|x86
		{8D72D9F6-F387-4F68-8519-A69C52584783}.Release|Mixed Platforms.ActiveCfg = Release|x86
		{8D72D9F6-F387-4F68-8519-A69C52584783}.Release|Mixed Platforms.Build.0 = Release|x86
		{8D72D9F6-F387-4F68-8519-A69C52584783}.Release|x86.ActiveCfg = Release|x86
		{8D72D9F6-F387-4F68-8519-A69C52584783}.Release|x86.Build.0 = Release|x86
		{8BAB7857-EE89-4657-8BF5-FF5F13DF2022}.Debug|Any CPU.ActiveCfg = Debug|Any CPU
		{8BAB7857-EE89-4657-8BF5-FF5F13DF2022}.Debug|Any CPU.Build.0 = Debug|Any CPU
		{8BAB7857-EE89-4657-8BF5-FF5F13DF2022}.Debug|Mixed Platforms.ActiveCfg = Debug|Any CPU
		{8BAB7857-EE89-4657-8BF5-FF5F13DF2022}.Debug|Mixed Platforms.Build.0 = Debug|Any CPU
		{8BAB7857-EE89-4657-8BF5-FF5F13DF2022}.Debug|x86.ActiveCfg = Debug|Any CPU
		{8BAB7857-EE89-4657-8BF5-FF5F13DF2022}.Release|Any CPU.ActiveCfg = Release|Any CPU
		{8BAB7857-EE89-4657-8BF5-FF5F13DF2022}.Release|Any CPU.Build.0 = Release|Any CPU
		{8BAB7857-EE89-4657-8BF5-FF5F13DF2022}.Release|Mixed Platforms.ActiveCfg = Release|Any CPU
		{8BAB7857-EE89-4657-8BF5-FF5F13DF2022}.Release|Mixed Platforms.Build.0 = Release|Any CPU
		{8BAB7857-EE89-4657-8BF5-FF5F13DF2022}.Release|x86.ActiveCfg = Release|Any CPU
	EndGlobalSection
	GlobalSection(SolutionProperties) = preSolution
		HideSolutionNode = FALSE
	EndGlobalSection
EndGlobal
